
Microsoft Visual Studio Solution File, Format Version 12.00
Project("{FAE04EC0-301F-11D3-BF4B-00C04F79EFBC}") = "ChatServer", "ChatServer\ChatServer.csproj", "{D1984C11-470E-4F13-9E0F-8112ECE648AF}"
EndProject
Project("{FAE04EC0-301F-11D3-BF4B-00C04F79EFBC}") = "ChatClient", "ChatClient\ChatClient.csproj", "{B90AC481-B41B-4A12-BEBD-0721023203B6}"
EndProject
Global
	GlobalSection(SolutionConfigurationPlatforms) = preSolution
		Debug|Any CPU = Debug|Any CPU
		Release|Any CPU = Release|Any CPU
	EndGlobalSection
	GlobalSection(ProjectConfigurationPlatforms) = postSolution
		{D1984C11-470E-4F13-9E0F-8112ECE648AF}.Debug|Any CPU.ActiveCfg = Debug|Any CPU
		{D1984C11-470E-4F13-9E0F-8112ECE648AF}.Debug|Any CPU.Build.0 = Debug|Any CPU
		{D1984C11-470E-4F13-9E0F-8112ECE648AF}.Release|Any CPU.ActiveCfg = Release|Any CPU
		{D1984C11-470E-4F13-9E0F-8112ECE648AF}.Release|Any CPU.Build.0 = Release|Any CPU
		{B90AC481-B41B-4A12-BEBD-0721023203B6}.Debug|Any CPU.ActiveCfg = Debug|Any CPU
		{B90AC481-B41B-4A12-BEBD-0721023203B6}.Debug|Any CPU.Build.0 = Debug|Any CPU
		{B90AC481-B41B-4A12-BEBD-0721023203B6}.Release|Any CPU.ActiveCfg = Release|Any CPU
		{B90AC481-B41B-4A12-BEBD-0721023203B6}.Release|Any CPU.Build.0 = Release|Any CPU
	EndGlobalSection
EndGlobal
